
Microsoft Visual Studio Solution File, Format Version 12.00
# Visual Studio Version 17
VisualStudioVersion = 17.5.2.0
MinimumVisualStudioVersion = 10.0.40219.1
Project("{FAE04EC0-301F-11D3-BF4B-00C04F79EFBC}") = "ConcurrencyDemo", "ConcurrencyDemo.csproj", "{3C359B5C-BF75-887E-7443-C2F1BD93BB6F}"
EndProject
Project("{FAE04EC0-301F-11D3-BF4B-00C04F79EFBC}") = "ConcurrencyDemo.Application", "ConcurrencyDemo.Application\ConcurrencyDemo.Application.csproj", "{1F5BD959-5A87-4770-A139-643A2B9D93C9}"
EndProject
Project("{FAE04EC0-301F-11D3-BF4B-00C04F79EFBC}") = "ConcurrencyDemo.Infrastructure", "ConcurrencyDemo.Infrastructure\ConcurrencyDemo.Infrastructure.csproj", "{A9CDA084-2020-4F8A-832C-E98BC092F0AA}"
EndProject
Project("{FAE04EC0-301F-11D3-BF4B-00C04F79EFBC}") = "ConcurrencyDemo.Tests", "ConcurrencyDemo.Tests\ConcurrencyDemo.Tests.csproj", "{F7C2A253-A69A-42BE-A7D4-BEF94F744556}"
EndProject
Global
	GlobalSection(SolutionConfigurationPlatforms) = preSolution
		Debug|Any CPU = Debug|Any CPU
		Debug|x64 = Debug|x64
		Debug|x86 = Debug|x86
		Release|Any CPU = Release|Any CPU
		Release|x64 = Release|x64
		Release|x86 = Release|x86
	EndGlobalSection
	GlobalSection(ProjectConfigurationPlatforms) = postSolution
		{3C359B5C-BF75-887E-7443-C2F1BD93BB6F}.Debug|Any CPU.ActiveCfg = Debug|Any CPU
		{3C359B5C-BF75-887E-7443-C2F1BD93BB6F}.Debug|Any CPU.Build.0 = Debug|Any CPU
		{3C359B5C-BF75-887E-7443-C2F1BD93BB6F}.Debug|x64.ActiveCfg = Debug|Any CPU
		{3C359B5C-BF75-887E-7443-C2F1BD93BB6F}.Debug|x64.Build.0 = Debug|Any CPU
		{3C359B5C-BF75-887E-7443-C2F1BD93BB6F}.Debug|x86.ActiveCfg = Debug|Any CPU
		{3C359B5C-BF75-887E-7443-C2F1BD93BB6F}.Debug|x86.Build.0 = Debug|Any CPU
		{3C359B5C-BF75-887E-7443-C2F1BD93BB6F}.Release|Any CPU.ActiveCfg = Release|Any CPU
		{3C359B5C-BF75-887E-7443-C2F1BD93BB6F}.Release|Any CPU.Build.0 = Release|Any CPU
		{3C359B5C-BF75-887E-7443-C2F1BD93BB6F}.Release|x64.ActiveCfg = Release|Any CPU
		{3C359B5C-BF75-887E-7443-C2F1BD93BB6F}.Release|x64.Build.0 = Release|Any CPU
		{3C359B5C-BF75-887E-7443-C2F1BD93BB6F}.Release|x86.ActiveCfg = Release|Any CPU
		{3C359B5C-BF75-887E-7443-C2F1BD93BB6F}.Release|x86.Build.0 = Release|Any CPU
		{1F5BD959-5A87-4770-A139-643A2B9D93C9}.Debug|Any CPU.ActiveCfg = Debug|Any CPU
		{1F5BD959-5A87-4770-A139-643A2B9D93C9}.Debug|Any CPU.Build.0 = Debug|Any CPU
		{1F5BD959-5A87-4770-A139-643A2B9D93C9}.Debug|x64.ActiveCfg = Debug|Any CPU
		{1F5BD959-5A87-4770-A139-643A2B9D93C9}.Debug|x64.Build.0 = Debug|Any CPU
		{1F5BD959-5A87-4770-A139-643A2B9D93C9}.Debug|x86.ActiveCfg = Debug|Any CPU
		{1F5BD959-5A87-4770-A139-643A2B9D93C9}.Debug|x86.Build.0 = Debug|Any CPU
		{1F5BD959-5A87-4770-A139-643A2B9D93C9}.Release|Any CPU.ActiveCfg = Release|Any CPU
		{1F5BD959-5A87-4770-A139-643A2B9D93C9}.Release|Any CPU.Build.0 = Release|Any CPU
		{1F5BD959-5A87-4770-A139-643A2B9D93C9}.Release|x64.ActiveCfg = Release|Any CPU
		{1F5BD959-5A87-4770-A139-643A2B9D93C9}.Release|x64.Build.0 = Release|Any CPU
		{1F5BD959-5A87-4770-A139-643A2B9D93C9}.Release|x86.ActiveCfg = Release|Any CPU
		{1F5BD959-5A87-4770-A139-643A2B9D93C9}.Release|x86.Build.0 = Release|Any CPU
		{A9CDA084-2020-4F8A-832C-E98BC092F0AA}.Debug|Any CPU.ActiveCfg = Debug|Any CPU
		{A9CDA084-2020-4F8A-832C-E98BC092F0AA}.Debug|Any CPU.Build.0 = Debug|Any CPU
		{A9CDA084-2020-4F8A-832C-E98BC092F0AA}.Debug|x64.ActiveCfg = Debug|Any CPU
		{A9CDA084-2020-4F8A-832C-E98BC092F0AA}.Debug|x64.Build.0 = Debug|Any CPU
		{A9CDA084-2020-4F8A-832C-E98BC092F0AA}.Debug|x86.ActiveCfg = Debug|Any CPU
		{A9CDA084-2020-4F8A-832C-E98BC092F0AA}.Debug|x86.Build.0 = Debug|Any CPU
		{A9CDA084-2020-4F8A-832C-E98BC092F0AA}.Release|Any CPU.ActiveCfg = Release|Any CPU
		{A9CDA084-2020-4F8A-832C-E98BC092F0AA}.Release|Any CPU.Build.0 = Release|Any CPU
		{A9CDA084-2020-4F8A-832C-E98BC092F0AA}.Release|x64.ActiveCfg = Release|Any CPU
		{A9CDA084-2020-4F8A-832C-E98BC092F0AA}.Release|x64.Build.0 = Release|Any CPU
		{A9CDA084-2020-4F8A-832C-E98BC092F0AA}.Release|x86.ActiveCfg = Release|Any CPU
		{A9CDA084-2020-4F8A-832C-E98BC092F0AA}.Release|x86.Build.0 = Release|Any CPU
		{F7C2A253-A69A-42BE-A7D4-BEF94F744556}.Debug|Any CPU.ActiveCfg = Debug|Any CPU
		{F7C2A253-A69A-42BE-A7D4-BEF94F744556}.Debug|Any CPU.Build.0 = Debug|Any CPU
		{F7C2A253-A69A-42BE-A7D4-BEF94F744556}.Debug|x64.ActiveCfg = Debug|Any CPU
		{F7C2A253-A69A-42BE-A7D4-BEF94F744556}.Debug|x64.Build.0 = Debug|Any CPU
		{F7C2A253-A69A-42BE-A7D4-BEF94F744556}.Debug|x86.ActiveCfg = Debug|Any CPU
		{F7C2A253-A69A-42BE-A7D4-BEF94F744556}.Debug|x86.Build.0 = Debug|Any CPU
		{F7C2A253-A69A-42BE-A7D4-BEF94F744556}.Release|Any CPU.ActiveCfg = Release|Any CPU
		{F7C2A253-A69A-42BE-A7D4-BEF94F744556}.Release|Any CPU.Build.0 = Release|Any CPU
		{F7C2A253-A69A-42BE-A7D4-BEF94F744556}.Release|x64.ActiveCfg = Release|Any CPU
		{F7C2A253-A69A-42BE-A7D4-BEF94F744556}.Release|x64.Build.0 = Release|Any CPU
		{F7C2A253-A69A-42BE-A7D4-BEF94F744556}.Release|x86.ActiveCfg = Release|Any CPU
		{F7C2A253-A69A-42BE-A7D4-BEF94F744556}.Release|x86.Build.0 = Release|Any CPU
	EndGlobalSection
	GlobalSection(SolutionProperties) = preSolution
		HideSolutionNode = FALSE
	EndGlobalSection
	GlobalSection(ExtensibilityGlobals) = postSolution
		SolutionGuid = {552E1F88-2EF5-4EC5-B036-ED92B3DBD836}
	EndGlobalSection
EndGlobal
